<Solution>
  <Folder Name="/src/">
    <Project Path="src/icsmoi.Core/icsmoi.Core.csproj" />
    <Project Path="src/icsmoi.Editor/icsmoi.Editor.csproj" />
    <Project Path="src/icsmoi.Runtime/icsmoi.Runtime.csproj" />
    <Project Path="src/icsmoi.Shared.Ui/icsmoi.Shared.Ui.csproj" />
  </Folder>
</Solution>
